// !$*UTF8*$!
{
	archiveVersion = 1;
	classes = {
	};
	objectVersion = 46;
	objects = {

/* Begin PBXBuildFile section */
		1815E9551638BBA70086ED6C /* UIKit.framework in Frameworks */ = {isa = PBXBuildFile; fileRef = 1815E9541638BBA70086ED6C /* UIKit.framework */; };
		1815E9571638BBA70086ED6C /* Foundation.framework in Frameworks */ = {isa = PBXBuildFile; fileRef = 1815E9561638BBA70086ED6C /* Foundation.framework */; };
		1815E9591638BBA70086ED6C /* CoreGraphics.framework in Frameworks */ = {isa = PBXBuildFile; fileRef = 1815E9581638BBA70086ED6C /* CoreGraphics.framework */; };
		1815E9781638BC4F0086ED6C /* icon.png in Resources */ = {isa = PBXBuildFile; fileRef = 1815E9771638BC4F0086ED6C /* icon.png */; };
		181DDDA51638C219002CCCDA /* InfoPlist.strings in Resources */ = {isa = PBXBuildFile; fileRef = 181DDDA31638C219002CCCDA /* InfoPlist.strings */; };
		181DDDAD1638C25E002CCCDA /* Localizable.strings in Resources */ = {isa = PBXBuildFile; fileRef = 181DDDAB1638C25E002CCCDA /* Localizable.strings */; };
		181DDDC01638C3E3002CCCDA /* InfoPlist.strings in Resources */ = {isa = PBXBuildFile; fileRef = 181DDDBA1638C3D1002CCCDA /* InfoPlist.strings */; };
		181DDDC11638C3E3002CCCDA /* Localizable.strings in Resources */ = {isa = PBXBuildFile; fileRef = 181DDDBC1638C3D1002CCCDA /* Localizable.strings */; };
/* End PBXBuildFile section */

/* Begin PBXFileReference section */
		1815E9501638BBA70086ED6C /* Oct24.app */ = {isa = PBXFileReference; explicitFileType = wrapper.application; includeInIndex = 0; path = Oct24.app; sourceTree = BUILT_PRODUCTS_DIR; };
		1815E9541638BBA70086ED6C /* UIKit.framework */ = {isa = PBXFileReference; lastKnownFileType = wrapper.framework; name = UIKit.framework; path = System/Library/Frameworks/UIKit.framework; sourceTree = SDKROOT; };
		1815E9561638BBA70086ED6C /* Foundation.framework */ = {isa = PBXFileReference; lastKnownFileType = wrapper.framework; name = Foundation.framework; path = System/Library/Frameworks/Foundation.framework; sourceTree = SDKROOT; };
		1815E9581638BBA70086ED6C /* CoreGraphics.framework */ = {isa = PBXFileReference; lastKnownFileType = wrapper.framework; name = CoreGraphics.framework; path = System/Library/Frameworks/CoreGraphics.framework; sourceTree = SDKROOT; };
		1815E95C1638BBA70086ED6C /* Oct24-Info.plist */ = {isa = PBXFileReference; lastKnownFileType = text.plist.xml; path = "Oct24-Info.plist"; sourceTree = "<group>"; };
		1815E9621638BBA70086ED6C /* Oct24-Prefix.pch */ = {isa = PBXFileReference; lastKnownFileType = sourcecode.c.h; path = "Oct24-Prefix.pch"; sourceTree = "<group>"; };
		1815E9771638BC4F0086ED6C /* icon.png */ = {isa = PBXFileReference; lastKnownFileType = image.png; path = icon.png; sourceTree = "<group>"; };
		181DDD8D1638BF8C002CCCDA /* en */ = {isa = PBXFileReference; lastKnownFileType = sourcecode.c.h; name = en; path = en.lproj/View.h; sourceTree = "<group>"; };
		181DDD8F1638BF8C002CCCDA /* en */ = {isa = PBXFileReference; lastKnownFileType = sourcecode.c.objc; name = en; path = en.lproj/View.m; sourceTree = "<group>"; };
		181DDD911638BF95002CCCDA /* en */ = {isa = PBXFileReference; lastKnownFileType = sourcecode.c.h; name = en; path = en.lproj/InterAppDelegate.h; sourceTree = "<group>"; };
		181DDD931638BF95002CCCDA /* en */ = {isa = PBXFileReference; lastKnownFileType = sourcecode.c.objc; name = en; path = en.lproj/InterAppDelegate.m; sourceTree = "<group>"; };
		181DDD941638BFA5002CCCDA /* en */ = {isa = PBXFileReference; lastKnownFileType = sourcecode.c.objc; name = en; path = en.lproj/main.m; sourceTree = "<group>"; };
		181DDD951638BFEE002CCCDA /* es */ = {isa = PBXFileReference; lastKnownFileType = sourcecode.c.h; name = es; path = "/Users/elizabethmcalpin/Desktop/delete-me/Oct24/es.lproj/InterAppDelegate.h"; sourceTree = "<absolute>"; };
		181DDD961638BFEE002CCCDA /* es */ = {isa = PBXFileReference; lastKnownFileType = sourcecode.c.objc; name = es; path = "/Users/elizabethmcalpin/Desktop/delete-me/Oct24/es.lproj/InterAppDelegate.m"; sourceTree = "<absolute>"; };
		181DDD971638BFEE002CCCDA /* es */ = {isa = PBXFileReference; lastKnownFileType = sourcecode.c.objc; name = es; path = "/Users/elizabethmcalpin/Desktop/delete-me/Oct24/es.lproj/View.m"; sourceTree = "<absolute>"; };
		181DDD981638BFEE002CCCDA /* es */ = {isa = PBXFileReference; lastKnownFileType = sourcecode.c.objc; name = es; path = "/Users/elizabethmcalpin/Desktop/delete-me/Oct24/es.lproj/main.m"; sourceTree = "<absolute>"; };
		181DDD991638BFEE002CCCDA /* es */ = {isa = PBXFileReference; lastKnownFileType = sourcecode.c.h; name = es; path = "/Users/elizabethmcalpin/Desktop/delete-me/Oct24/es.lproj/View.h"; sourceTree = "<absolute>"; };
		181DDD9A1638BFF3002CCCDA /* ar */ = {isa = PBXFileReference; lastKnownFileType = sourcecode.c.h; name = ar; path = "/Users/elizabethmcalpin/Desktop/delete-me/Oct24/ar.lproj/InterAppDelegate.h"; sourceTree = "<absolute>"; };
		181DDD9B1638BFF3002CCCDA /* ar */ = {isa = PBXFileReference; lastKnownFileType = sourcecode.c.objc; name = ar; path = "/Users/elizabethmcalpin/Desktop/delete-me/Oct24/ar.lproj/InterAppDelegate.m"; sourceTree = "<absolute>"; };
		181DDD9C1638BFF3002CCCDA /* ar */ = {isa = PBXFileReference; lastKnownFileType = sourcecode.c.objc; name = ar; path = "/Users/elizabethmcalpin/Desktop/delete-me/Oct24/ar.lproj/View.m"; sourceTree = "<absolute>"; };
		181DDD9D1638BFF3002CCCDA /* ar */ = {isa = PBXFileReference; lastKnownFileType = sourcecode.c.objc; name = ar; path = "/Users/elizabethmcalpin/Desktop/delete-me/Oct24/ar.lproj/main.m"; sourceTree = "<absolute>"; };
		181DDD9E1638BFF3002CCCDA /* ar */ = {isa = PBXFileReference; lastKnownFileType = sourcecode.c.h; name = ar; path = "/Users/elizabethmcalpin/Desktop/delete-me/Oct24/ar.lproj/View.h"; sourceTree = "<absolute>"; };
		181DDDBB1638C3D1002CCCDA /* en */ = {isa = PBXFileReference; lastKnownFileType = text.plist.strings; name = en; path = Oct24/en.lproj/InfoPlist.strings; sourceTree = "<group>"; };
		181DDDBD1638C3D1002CCCDA /* en */ = {isa = PBXFileReference; lastKnownFileType = text.plist.strings; name = en; path = Oct24/en.lproj/Localizable.strings; sourceTree = "<group>"; };
		181DDDBE1638C3E3002CCCDA /* ar */ = {isa = PBXFileReference; lastKnownFileType = text.plist.strings; name = ar; path = Oct24/ar.lproj/InfoPlist.strings; sourceTree = "<group>"; };
		181DDDBF1638C3E3002CCCDA /* ar */ = {isa = PBXFileReference; lastKnownFileType = text.plist.strings; name = ar; path = Oct24/ar.lproj/Localizable.strings; sourceTree = "<group>"; };
		181DDDC21638C3F2002CCCDA /* es */ = {isa = PBXFileReference; lastKnownFileType = text.plist.strings; name = es; path = Oct24/es.lproj/InfoPlist.strings; sourceTree = "<group>"; };
		181DDDC31638C3F2002CCCDA /* es */ = {isa = PBXFileReference; lastKnownFileType = text.plist.strings; name = es; path = Oct24/es.lproj/Localizable.strings; sourceTree = "<group>"; };
/* End PBXFileReference section */

/* Begin PBXFrameworksBuildPhase section */
		1815E94D1638BBA70086ED6C /* Frameworks */ = {
			isa = PBXFrameworksBuildPhase;
			buildActionMask = 2147483647;
			files = (
				1815E9551638BBA70086ED6C /* UIKit.framework in Frameworks */,
				1815E9571638BBA70086ED6C /* Foundation.framework in Frameworks */,
				1815E9591638BBA70086ED6C /* CoreGraphics.framework in Frameworks */,
			);
			runOnlyForDeploymentPostprocessing = 0;
		};
/* End PBXFrameworksBuildPhase section */

/* Begin PBXGroup section */
		1815E9451638BBA70086ED6C = {
			isa = PBXGroup;
			children = (
				1815E95A1638BBA70086ED6C /* Oct24 */,
				1815E9531638BBA70086ED6C /* Frameworks */,
				1815E9511638BBA70086ED6C /* Products */,
			);
			sourceTree = "<group>";
		};
		1815E9511638BBA70086ED6C /* Products */ = {
			isa = PBXGroup;
			children = (
				1815E9501638BBA70086ED6C /* Oct24.app */,
			);
			name = Products;
			sourceTree = "<group>";
		};
		1815E9531638BBA70086ED6C /* Frameworks */ = {
			isa = PBXGroup;
			children = (
				1815E9541638BBA70086ED6C /* UIKit.framework */,
				1815E9561638BBA70086ED6C /* Foundation.framework */,
				1815E9581638BBA70086ED6C /* CoreGraphics.framework */,
			);
			name = Frameworks;
			sourceTree = "<group>";
		};
		1815E95A1638BBA70086ED6C /* Oct24 */ = {
			isa = PBXGroup;
			children = (
				181DDD901638BF95002CCCDA /* InterAppDelegate.h */,
				181DDD921638BF95002CCCDA /* InterAppDelegate.m */,
				181DDD8C1638BF8C002CCCDA /* View.h */,
				181DDD8E1638BF8C002CCCDA /* View.m */,
				1815E95B1638BBA70086ED6C /* Supporting Files */,
			);
			path = Oct24;
			sourceTree = "<group>";
		};
		1815E95B1638BBA70086ED6C /* Supporting Files */ = {
			isa = PBXGroup;
			children = (
				181DDDBC1638C3D1002CCCDA /* Localizable.strings */,
				181DDDBA1638C3D1002CCCDA /* InfoPlist.strings */,
				181DDD8A1638BF78002CCCDA /* main.m */,
				1815E9771638BC4F0086ED6C /* icon.png */,
				1815E95C1638BBA70086ED6C /* Oct24-Info.plist */,
				1815E9621638BBA70086ED6C /* Oct24-Prefix.pch */,
			);
			name = "Supporting Files";
			sourceTree = "<group>";
		};
/* End PBXGroup section */

/* Begin PBXNativeTarget section */
		1815E94F1638BBA70086ED6C /* Oct24 */ = {
			isa = PBXNativeTarget;
			buildConfigurationList = 1815E9681638BBA70086ED6C /* Build configuration list for PBXNativeTarget "Oct24" */;
			buildPhases = (
				1815E94C1638BBA70086ED6C /* Sources */,
				1815E94D1638BBA70086ED6C /* Frameworks */,
				1815E94E1638BBA70086ED6C /* Resources */,
			);
			buildRules = (
			);
			dependencies = (
			);
			name = Oct24;
			productName = Oct24;
			productReference = 1815E9501638BBA70086ED6C /* Oct24.app */;
			productType = "com.apple.product-type.application";
		};
/* End PBXNativeTarget section */

/* Begin PBXProject section */
		1815E9471638BBA70086ED6C /* Project object */ = {
			isa = PBXProject;
			attributes = {
				CLASSPREFIX = Inter;
				LastUpgradeCheck = 0430;
			};
			buildConfigurationList = 1815E94A1638BBA70086ED6C /* Build configuration list for PBXProject "Oct24" */;
			compatibilityVersion = "Xcode 3.2";
			developmentRegion = English;
			hasScannedForEncodings = 0;
			knownRegions = (
				en,
				cs,
				es,
				ar,
				"es-ES",
			);
			mainGroup = 1815E9451638BBA70086ED6C;
			productRefGroup = 1815E9511638BBA70086ED6C /* Products */;
			projectDirPath = "";
			projectRoot = "";
			targets = (
				1815E94F1638BBA70086ED6C /* Oct24 */,
			);
		};
/* End PBXProject section */

/* Begin PBXResourcesBuildPhase section */
		1815E94E1638BBA70086ED6C /* Resources */ = {
			isa = PBXResourcesBuildPhase;
			buildActionMask = 2147483647;
			files = (
				1815E9781638BC4F0086ED6C /* icon.png in Resources */,
				181DDDA51638C219002CCCDA /* InfoPlist.strings in Resources */,
				181DDDAD1638C25E002CCCDA /* Localizable.strings in Resources */,
				181DDDC01638C3E3002CCCDA /* InfoPlist.strings in Resources */,
				181DDDC11638C3E3002CCCDA /* Localizable.strings in Resources */,
			);
			runOnlyForDeploymentPostprocessing = 0;
		};
/* End PBXResourcesBuildPhase section */

/* Begin PBXSourcesBuildPhase section */
		1815E94C1638BBA70086ED6C /* Sources */ = {
			isa = PBXSourcesBuildPhase;
			buildActionMask = 2147483647;
			files = (
			);
			runOnlyForDeploymentPostprocessing = 0;
		};
/* End PBXSourcesBuildPhase section */

/* Begin PBXVariantGroup section */
		181DDD8A1638BF78002CCCDA /* main.m */ = {
			isa = PBXVariantGroup;
			children = (
				181DDD941638BFA5002CCCDA /* en */,
				181DDD981638BFEE002CCCDA /* es */,
				181DDD9D1638BFF3002CCCDA /* ar */,
			);
			name = main.m;
			sourceTree = "<group>";
		};
		181DDD8C1638BF8C002CCCDA /* View.h */ = {
			isa = PBXVariantGroup;
			children = (
				181DDD8D1638BF8C002CCCDA /* en */,
				181DDD991638BFEE002CCCDA /* es */,
				181DDD9E1638BFF3002CCCDA /* ar */,
			);
			name = View.h;
			sourceTree = "<group>";
		};
		181DDD8E1638BF8C002CCCDA /* View.m */ = {
			isa = PBXVariantGroup;
			children = (
				181DDD8F1638BF8C002CCCDA /* en */,
				181DDD971638BFEE002CCCDA /* es */,
				181DDD9C1638BFF3002CCCDA /* ar */,
			);
			name = View.m;
			sourceTree = "<group>";
		};
		181DDD901638BF95002CCCDA /* InterAppDelegate.h */ = {
			isa = PBXVariantGroup;
			children = (
				181DDD911638BF95002CCCDA /* en */,
				181DDD951638BFEE002CCCDA /* es */,
				181DDD9A1638BFF3002CCCDA /* ar */,
			);
			name = InterAppDelegate.h;
			sourceTree = "<group>";
		};
		181DDD921638BF95002CCCDA /* InterAppDelegate.m */ = {
			isa = PBXVariantGroup;
			children = (
				181DDD931638BF95002CCCDA /* en */,
				181DDD961638BFEE002CCCDA /* es */,
				181DDD9B1638BFF3002CCCDA /* ar */,
			);
			name = InterAppDelegate.m;
			sourceTree = "<group>";
		};
		181DDDA31638C219002CCCDA /* InfoPlist.strings */ = {
			isa = PBXVariantGroup;
			children = (
			);
			name = InfoPlist.strings;
			path = "/Users/elizabethmcalpin/Desktop/delete-me/Oct24";
			sourceTree = "<absolute>";
		};
		181DDDAB1638C25E002CCCDA /* Localizable.strings */ = {
			isa = PBXVariantGroup;
			children = (
			);
			name = Localizable.strings;
			path = "/Users/elizabethmcalpin/Desktop/delete-me/Oct24";
			sourceTree = "<absolute>";
		};
		181DDDBA1638C3D1002CCCDA /* InfoPlist.strings */ = {
			isa = PBXVariantGroup;
			children = (
				181DDDBB1638C3D1002CCCDA /* en */,
				181DDDBE1638C3E3002CCCDA /* ar */,
				181DDDC21638C3F2002CCCDA /* es */,
			);
			name = InfoPlist.strings;
			path = ..;
			sourceTree = "<group>";
		};
		181DDDBC1638C3D1002CCCDA /* Localizable.strings */ = {
			isa = PBXVariantGroup;
			children = (
				181DDDBD1638C3D1002CCCDA /* en */,
				181DDDBF1638C3E3002CCCDA /* ar */,
				181DDDC31638C3F2002CCCDA /* es */,
			);
			name = Localizable.strings;
			path = ..;
			sourceTree = "<group>";
		};
/* End PBXVariantGroup section */

/* Begin XCBuildConfiguration section */
		1815E9661638BBA70086ED6C /* Debug */ = {
			isa = XCBuildConfiguration;
			buildSettings = {
				ALWAYS_SEARCH_USER_PATHS = NO;
				ARCHS = "$(ARCHS_STANDARD_32_BIT)";
				CLANG_ENABLE_OBJC_ARC = YES;
				"CODE_SIGN_IDENTITY[sdk=iphoneos*]" = "iPhone Developer";
				COPY_PHASE_STRIP = NO;
				GCC_C_LANGUAGE_STANDARD = gnu99;
				GCC_DYNAMIC_NO_PIC = NO;
				GCC_OPTIMIZATION_LEVEL = 0;
				GCC_PREPROCESSOR_DEFINITIONS = (
					"DEBUG=1",
					"$(inherited)",
				);
				GCC_SYMBOLS_PRIVATE_EXTERN = NO;
				GCC_VERSION = com.apple.compilers.llvm.clang.1_0;
				GCC_WARN_ABOUT_RETURN_TYPE = YES;
				GCC_WARN_UNINITIALIZED_AUTOS = YES;
				GCC_WARN_UNUSED_VARIABLE = YES;
				IPHONEOS_DEPLOYMENT_TARGET = 5.1;
				SDKROOT = iphoneos;
			};
			name = Debug;
		};
		1815E9671638BBA70086ED6C /* Release */ = {
			isa = XCBuildConfiguration;
			buildSettings = {
				ALWAYS_SEARCH_USER_PATHS = NO;
				ARCHS = "$(ARCHS_STANDARD_32_BIT)";
				CLANG_ENABLE_OBJC_ARC = YES;
				"CODE_SIGN_IDENTITY[sdk=iphoneos*]" = "iPhone Developer";
				COPY_PHASE_STRIP = YES;
				GCC_C_LANGUAGE_STANDARD = gnu99;
				GCC_VERSION = com.apple.compilers.llvm.clang.1_0;
				GCC_WARN_ABOUT_RETURN_TYPE = YES;
				GCC_WARN_UNINITIALIZED_AUTOS = YES;
				GCC_WARN_UNUSED_VARIABLE = YES;
				IPHONEOS_DEPLOYMENT_TARGET = 5.1;
				OTHER_CFLAGS = "-DNS_BLOCK_ASSERTIONS=1";
				SDKROOT = iphoneos;
				VALIDATE_PRODUCT = YES;
			};
			name = Release;
		};
		1815E9691638BBA70086ED6C /* Debug */ = {
			isa = XCBuildConfiguration;
			buildSettings = {
				GCC_PRECOMPILE_PREFIX_HEADER = YES;
				GCC_PREFIX_HEADER = "Oct24/Oct24-Prefix.pch";
				INFOPLIST_FILE = "Oct24/Oct24-Info.plist";
				PRODUCT_NAME = "$(TARGET_NAME)";
				WRAPPER_EXTENSION = app;
			};
			name = Debug;
		};
		1815E96A1638BBA70086ED6C /* Release */ = {
			isa = XCBuildConfiguration;
			buildSettings = {
				GCC_PRECOMPILE_PREFIX_HEADER = YES;
				GCC_PREFIX_HEADER = "Oct24/Oct24-Prefix.pch";
				INFOPLIST_FILE = "Oct24/Oct24-Info.plist";
				PRODUCT_NAME = "$(TARGET_NAME)";
				WRAPPER_EXTENSION = app;
			};
			name = Release;
		};
/* End XCBuildConfiguration section */

/* Begin XCConfigurationList section */
		1815E94A1638BBA70086ED6C /* Build configuration list for PBXProject "Oct24" */ = {
			isa = XCConfigurationList;
			buildConfigurations = (
				1815E9661638BBA70086ED6C /* Debug */,
				1815E9671638BBA70086ED6C /* Release */,
			);
			defaultConfigurationIsVisible = 0;
			defaultConfigurationName = Release;
		};
		1815E9681638BBA70086ED6C /* Build configuration list for PBXNativeTarget "Oct24" */ = {
			isa = XCConfigurationList;
			buildConfigurations = (
				1815E9691638BBA70086ED6C /* Debug */,
				1815E96A1638BBA70086ED6C /* Release */,
			);
			defaultConfigurationIsVisible = 0;
			defaultConfigurationName = Release;
		};
/* End XCConfigurationList section */
	};
	rootObject = 1815E9471638BBA70086ED6C /* Project object */;
}
